
Microsoft Visual Studio Solution File, Format Version 12.00
# Visual Studio Version 16
VisualStudioVersion = 16.0.29905.134
MinimumVisualStudioVersion = 10.0.40219.1
Project("{FAE04EC0-301F-11D3-BF4B-00C04F79EFBC}") = "AppX.Android", "AppX\AppX.Android\AppX.Android.csproj", "{9BB582A7-50DF-4F9C-8340-382893CCB8B2}"
EndProject
Project("{FAE04EC0-301F-11D3-BF4B-00C04F79EFBC}") = "AppX", "AppX\AppX\AppX.csproj", "{72F084BA-AC7C-492A-B916-989C56612053}"
EndProject
Global
	GlobalSection(SolutionConfigurationPlatforms) = preSolution
		Debug|Any CPU = Debug|Any CPU
		Release|Any CPU = Release|Any CPU
	EndGlobalSection
	GlobalSection(ProjectConfigurationPlatforms) = postSolution
		{9BB582A7-50DF-4F9C-8340-382893CCB8B2}.Debug|Any CPU.ActiveCfg = Debug|Any CPU
		{9BB582A7-50DF-4F9C-8340-382893CCB8B2}.Debug|Any CPU.Build.0 = Debug|Any CPU
		{9BB582A7-50DF-4F9C-8340-382893CCB8B2}.Debug|Any CPU.Deploy.0 = Debug|Any CPU
		{9BB582A7-50DF-4F9C-8340-382893CCB8B2}.Release|Any CPU.ActiveCfg = Release|Any CPU
		{9BB582A7-50DF-4F9C-8340-382893CCB8B2}.Release|Any CPU.Build.0 = Release|Any CPU
		{9BB582A7-50DF-4F9C-8340-382893CCB8B2}.Release|Any CPU.Deploy.0 = Release|Any CPU
		{72F084BA-AC7C-492A-B916-989C56612053}.Debug|Any CPU.ActiveCfg = Debug|Any CPU
		{72F084BA-AC7C-492A-B916-989C56612053}.Debug|Any CPU.Build.0 = Debug|Any CPU
		{72F084BA-AC7C-492A-B916-989C56612053}.Debug|Any CPU.Deploy.0 = Debug|Any CPU
		{72F084BA-AC7C-492A-B916-989C56612053}.Release|Any CPU.ActiveCfg = Release|Any CPU
		{72F084BA-AC7C-492A-B916-989C56612053}.Release|Any CPU.Build.0 = Release|Any CPU
		{72F084BA-AC7C-492A-B916-989C56612053}.Release|Any CPU.Deploy.0 = Release|Any CPU
	EndGlobalSection
	GlobalSection(SolutionProperties) = preSolution
		HideSolutionNode = FALSE
	EndGlobalSection
	GlobalSection(ExtensibilityGlobals) = postSolution
		SolutionGuid = {79DC2A6B-F83C-4B01-9B61-1F2EDD2D1934}
	EndGlobalSection
EndGlobal
